# This file is automatically @generated by Cargo.
# It is not intended for manual editing.
version = 4

[[package]]
name = "TerimalRtdm"
version = "0.0.4"
source = "git+https://github.com/had2020/TerimalRtdm#fb7a04a1c9c2e7f117b38cf850f2c3829fd328a0"

[[package]]
name = "nano-like"
version = "0.1.0"
dependencies = [
 "TerimalRtdm",
]
