# This file is automatically @generated by Cargo.
# It is not intended for manual editing.
version = 4

[[package]]
name = "TerimalRtdm"
version = "0.0.4"
source = "git+https://github.com/had2020/TerimalRtdm#5a9d127c33aff56df5b6da0d89f36342727d7dbc"

[[package]]
name = "vim-like-base"
version = "0.1.0"
dependencies = [
 "TerimalRtdm",
]
