# This file is automatically @generated by Cargo.
# It is not intended for manual editing.
version = 4

[[package]]
name = "TerimalRtdm"
version = "0.0.3"
source = "registry+https://github.com/rust-lang/crates.io-index"
checksum = "287f038dcf10eb30142c4662ac3701b7031be15b760d604e6c85ef6dc7e5dea3"

[[package]]
name = "animated"
version = "0.1.0"
dependencies = [
 "TerimalRtdm",
]
