# This file is automatically @generated by Cargo.
# It is not intended for manual editing.
version = 4

[[package]]
name = "TerimalRtdm"
version = "0.0.4"
source = "git+https://github.com/had2020/TerimalRtdm#103920c63b925fdb9bafde736a7c0ff56511a22c"

[[package]]
name = "animated"
version = "0.1.0"
dependencies = [
 "TerimalRtdm",
]
