# This file is automatically @generated by Cargo.
# It is not intended for manual editing.
version = 4

[[package]]
name = "TerimalRtdm"
version = "0.0.4"
source = "git+https://github.com/had2020/TerimalRtdm#04d6f5204e5a34393df73934af3b5dcb8818aa38"

[[package]]
name = "blank"
version = "0.1.0"
dependencies = [
 "TerimalRtdm",
]
